// !$*UTF8*$!
{
	archiveVersion = 1;
	classes = {
	};
	objectVersion = 55;
	objects = {

/* Begin PBXBuildFile section */
		899985482868BD1C009551D7 /* ForecastWeekChartView.swift in Sources */ = {isa = PBXBuildFile; fileRef = 899985472868BD1C009551D7 /* ForecastWeekChartView.swift */; };
		8999854A2868BD41009551D7 /* ForecastWeekChartView.xib in Resources */ = {isa = PBXBuildFile; fileRef = 899985492868BD41009551D7 /* ForecastWeekChartView.xib */; };
		8999854D2868E65D009551D7 /* ReportViewController.swift in Sources */ = {isa = PBXBuildFile; fileRef = 8999854C2868E65D009551D7 /* ReportViewController.swift */; };
		899985502868E6CF009551D7 /* SoundViewController.swift in Sources */ = {isa = PBXBuildFile; fileRef = 8999854F2868E6CF009551D7 /* SoundViewController.swift */; };
		899985522868E781009551D7 /* TabBarViewController.swift in Sources */ = {isa = PBXBuildFile; fileRef = 899985512868E781009551D7 /* TabBarViewController.swift */; };
		899985542868F441009551D7 /* ReportCell.swift in Sources */ = {isa = PBXBuildFile; fileRef = 899985532868F441009551D7 /* ReportCell.swift */; };
		89A0E39A286609800014B2CF /* Charts in Frameworks */ = {isa = PBXBuildFile; productRef = 89A0E399286609800014B2CF /* Charts */; };
		89A0E39E28660B360014B2CF /* ForecastTodayChartView.xib in Resources */ = {isa = PBXBuildFile; fileRef = 89A0E39D28660B360014B2CF /* ForecastTodayChartView.xib */; };
		89A0E3A028660B460014B2CF /* ForecastTodayChartView.swift in Sources */ = {isa = PBXBuildFile; fileRef = 89A0E39F28660B460014B2CF /* ForecastTodayChartView.swift */; };
		89E2FC402864E88400175D6F /* AppDelegate.swift in Sources */ = {isa = PBXBuildFile; fileRef = 89E2FC3F2864E88400175D6F /* AppDelegate.swift */; };
		89E2FC492864E88500175D6F /* Assets.xcassets in Resources */ = {isa = PBXBuildFile; fileRef = 89E2FC482864E88500175D6F /* Assets.xcassets */; };
		89E2FC4C2864E88500175D6F /* LaunchScreen.storyboard in Resources */ = {isa = PBXBuildFile; fileRef = 89E2FC4A2864E88500175D6F /* LaunchScreen.storyboard */; };
		89E2FC552864EA8D00175D6F /* ForecastViewController.swift in Sources */ = {isa = PBXBuildFile; fileRef = 89E2FC542864EA8D00175D6F /* ForecastViewController.swift */; };
		89F426C7286B39E3008B8F9C /* ReportWriteViewController.swift in Sources */ = {isa = PBXBuildFile; fileRef = 89F426C6286B39E3008B8F9C /* ReportWriteViewController.swift */; };
/* End PBXBuildFile section */

/* Begin PBXFileReference section */
		899985472868BD1C009551D7 /* ForecastWeekChartView.swift */ = {isa = PBXFileReference; lastKnownFileType = sourcecode.swift; path = ForecastWeekChartView.swift; sourceTree = "<group>"; };
		899985492868BD41009551D7 /* ForecastWeekChartView.xib */ = {isa = PBXFileReference; lastKnownFileType = file.xib; path = ForecastWeekChartView.xib; sourceTree = "<group>"; };
		8999854C2868E65D009551D7 /* ReportViewController.swift */ = {isa = PBXFileReference; lastKnownFileType = sourcecode.swift; path = ReportViewController.swift; sourceTree = "<group>"; };
		8999854F2868E6CF009551D7 /* SoundViewController.swift */ = {isa = PBXFileReference; lastKnownFileType = sourcecode.swift; path = SoundViewController.swift; sourceTree = "<group>"; };
		899985512868E781009551D7 /* TabBarViewController.swift */ = {isa = PBXFileReference; lastKnownFileType = sourcecode.swift; path = TabBarViewController.swift; sourceTree = "<group>"; };
		899985532868F441009551D7 /* ReportCell.swift */ = {isa = PBXFileReference; lastKnownFileType = sourcecode.swift; path = ReportCell.swift; sourceTree = "<group>"; };
		89A0E39D28660B360014B2CF /* ForecastTodayChartView.xib */ = {isa = PBXFileReference; lastKnownFileType = file.xib; path = ForecastTodayChartView.xib; sourceTree = "<group>"; };
		89A0E39F28660B460014B2CF /* ForecastTodayChartView.swift */ = {isa = PBXFileReference; lastKnownFileType = sourcecode.swift; path = ForecastTodayChartView.swift; sourceTree = "<group>"; };
		89E2FC3C2864E88400175D6F /* StopMosquito.app */ = {isa = PBXFileReference; explicitFileType = wrapper.application; includeInIndex = 0; path = StopMosquito.app; sourceTree = BUILT_PRODUCTS_DIR; };
		89E2FC3F2864E88400175D6F /* AppDelegate.swift */ = {isa = PBXFileReference; lastKnownFileType = sourcecode.swift; path = AppDelegate.swift; sourceTree = "<group>"; };
		89E2FC482864E88500175D6F /* Assets.xcassets */ = {isa = PBXFileReference; lastKnownFileType = folder.assetcatalog; path = Assets.xcassets; sourceTree = "<group>"; };
		89E2FC4B2864E88500175D6F /* Base */ = {isa = PBXFileReference; lastKnownFileType = file.storyboard; name = Base; path = Base.lproj/LaunchScreen.storyboard; sourceTree = "<group>"; };
		89E2FC4D2864E88500175D6F /* Info.plist */ = {isa = PBXFileReference; lastKnownFileType = text.plist.xml; path = Info.plist; sourceTree = "<group>"; };
		89E2FC542864EA8D00175D6F /* ForecastViewController.swift */ = {isa = PBXFileReference; lastKnownFileType = sourcecode.swift; path = ForecastViewController.swift; sourceTree = "<group>"; };
		89F426C6286B39E3008B8F9C /* ReportWriteViewController.swift */ = {isa = PBXFileReference; lastKnownFileType = sourcecode.swift; path = ReportWriteViewController.swift; sourceTree = "<group>"; };
/* End PBXFileReference section */

/* Begin PBXFrameworksBuildPhase section */
		89E2FC392864E88400175D6F /* Frameworks */ = {
			isa = PBXFrameworksBuildPhase;
			buildActionMask = 2147483647;
			files = (
				89A0E39A286609800014B2CF /* Charts in Frameworks */,
			);
			runOnlyForDeploymentPostprocessing = 0;
		};
/* End PBXFrameworksBuildPhase section */

/* Begin PBXGroup section */
		8999854B2868E605009551D7 /* Report */ = {
			isa = PBXGroup;
			children = (
				8999854C2868E65D009551D7 /* ReportViewController.swift */,
				899985532868F441009551D7 /* ReportCell.swift */,
				89F426C6286B39E3008B8F9C /* ReportWriteViewController.swift */,
			);
			path = Report;
			sourceTree = "<group>";
		};
		8999854E2868E6C0009551D7 /* Sound */ = {
			isa = PBXGroup;
			children = (
				8999854F2868E6CF009551D7 /* SoundViewController.swift */,
			);
			path = Sound;
			sourceTree = "<group>";
		};
		89E2FC332864E88400175D6F = {
			isa = PBXGroup;
			children = (
				89E2FC3E2864E88400175D6F /* StopMosquito */,
				89E2FC3D2864E88400175D6F /* Products */,
			);
			sourceTree = "<group>";
		};
		89E2FC3D2864E88400175D6F /* Products */ = {
			isa = PBXGroup;
			children = (
				89E2FC3C2864E88400175D6F /* StopMosquito.app */,
			);
			name = Products;
			sourceTree = "<group>";
		};
		89E2FC3E2864E88400175D6F /* StopMosquito */ = {
			isa = PBXGroup;
			children = (
				89E2FC532864E9B800175D6F /* Forecast */,
				8999854B2868E605009551D7 /* Report */,
				8999854E2868E6C0009551D7 /* Sound */,
				899985512868E781009551D7 /* TabBarViewController.swift */,
				89E2FC3F2864E88400175D6F /* AppDelegate.swift */,
				89E2FC482864E88500175D6F /* Assets.xcassets */,
				89E2FC4A2864E88500175D6F /* LaunchScreen.storyboard */,
				89E2FC4D2864E88500175D6F /* Info.plist */,
			);
			path = StopMosquito;
			sourceTree = "<group>";
		};
		89E2FC532864E9B800175D6F /* Forecast */ = {
			isa = PBXGroup;
			children = (
				89E2FC542864EA8D00175D6F /* ForecastViewController.swift */,
				89A0E39F28660B460014B2CF /* ForecastTodayChartView.swift */,
				89A0E39D28660B360014B2CF /* ForecastTodayChartView.xib */,
				899985472868BD1C009551D7 /* ForecastWeekChartView.swift */,
				899985492868BD41009551D7 /* ForecastWeekChartView.xib */,
			);
			name = Forecast;
			path = "모기예보";
			sourceTree = "<group>";
		};
/* End PBXGroup section */

/* Begin PBXNativeTarget section */
		89E2FC3B2864E88400175D6F /* StopMosquito */ = {
			isa = PBXNativeTarget;
			buildConfigurationList = 89E2FC502864E88500175D6F /* Build configuration list for PBXNativeTarget "StopMosquito" */;
			buildPhases = (
				89E2FC382864E88400175D6F /* Sources */,
				89E2FC392864E88400175D6F /* Frameworks */,
				89E2FC3A2864E88400175D6F /* Resources */,
			);
			buildRules = (
			);
			dependencies = (
			);
			name = StopMosquito;
			packageProductDependencies = (
				89A0E399286609800014B2CF /* Charts */,
			);
			productName = StopMosquito;
			productReference = 89E2FC3C2864E88400175D6F /* StopMosquito.app */;
			productType = "com.apple.product-type.application";
		};
/* End PBXNativeTarget section */

/* Begin PBXProject section */
		89E2FC342864E88400175D6F /* Project object */ = {
			isa = PBXProject;
			attributes = {
				BuildIndependentTargetsInParallel = 1;
				LastSwiftUpdateCheck = 1330;
				LastUpgradeCheck = 1330;
				TargetAttributes = {
					89E2FC3B2864E88400175D6F = {
						CreatedOnToolsVersion = 13.3.1;
					};
				};
			};
			buildConfigurationList = 89E2FC372864E88400175D6F /* Build configuration list for PBXProject "StopMosquito" */;
			compatibilityVersion = "Xcode 13.0";
			developmentRegion = en;
			hasScannedForEncodings = 0;
			knownRegions = (
				en,
				Base,
			);
			mainGroup = 89E2FC332864E88400175D6F;
			packageReferences = (
				89A0E398286609800014B2CF /* XCRemoteSwiftPackageReference "Charts" */,
			);
			productRefGroup = 89E2FC3D2864E88400175D6F /* Products */;
			projectDirPath = "";
			projectRoot = "";
			targets = (
				89E2FC3B2864E88400175D6F /* StopMosquito */,
			);
		};
/* End PBXProject section */

/* Begin PBXResourcesBuildPhase section */
		89E2FC3A2864E88400175D6F /* Resources */ = {
			isa = PBXResourcesBuildPhase;
			buildActionMask = 2147483647;
			files = (
				89A0E39E28660B360014B2CF /* ForecastTodayChartView.xib in Resources */,
				89E2FC4C2864E88500175D6F /* LaunchScreen.storyboard in Resources */,
				8999854A2868BD41009551D7 /* ForecastWeekChartView.xib in Resources */,
				89E2FC492864E88500175D6F /* Assets.xcassets in Resources */,
			);
			runOnlyForDeploymentPostprocessing = 0;
		};
/* End PBXResourcesBuildPhase section */

/* Begin PBXSourcesBuildPhase section */
		89E2FC382864E88400175D6F /* Sources */ = {
			isa = PBXSourcesBuildPhase;
			buildActionMask = 2147483647;
			files = (
				89A0E3A028660B460014B2CF /* ForecastTodayChartView.swift in Sources */,
				89E2FC402864E88400175D6F /* AppDelegate.swift in Sources */,
				899985482868BD1C009551D7 /* ForecastWeekChartView.swift in Sources */,
				8999854D2868E65D009551D7 /* ReportViewController.swift in Sources */,
				899985522868E781009551D7 /* TabBarViewController.swift in Sources */,
				89F426C7286B39E3008B8F9C /* ReportWriteViewController.swift in Sources */,
				899985502868E6CF009551D7 /* SoundViewController.swift in Sources */,
				89E2FC552864EA8D00175D6F /* ForecastViewController.swift in Sources */,
				899985542868F441009551D7 /* ReportCell.swift in Sources */,
			);
			runOnlyForDeploymentPostprocessing = 0;
		};
/* End PBXSourcesBuildPhase section */

/* Begin PBXVariantGroup section */
		89E2FC4A2864E88500175D6F /* LaunchScreen.storyboard */ = {
			isa = PBXVariantGroup;
			children = (
				89E2FC4B2864E88500175D6F /* Base */,
			);
			name = LaunchScreen.storyboard;
			sourceTree = "<group>";
		};
/* End PBXVariantGroup section */

/* Begin XCBuildConfiguration section */
		89E2FC4E2864E88500175D6F /* Debug */ = {
			isa = XCBuildConfiguration;
			buildSettings = {
				ALWAYS_SEARCH_USER_PATHS = NO;
				CLANG_ANALYZER_NONNULL = YES;
				CLANG_ANALYZER_NUMBER_OBJECT_CONVERSION = YES_AGGRESSIVE;
				CLANG_CXX_LANGUAGE_STANDARD = "gnu++17";
				CLANG_ENABLE_MODULES = YES;
				CLANG_ENABLE_OBJC_ARC = YES;
				CLANG_ENABLE_OBJC_WEAK = YES;
				CLANG_WARN_BLOCK_CAPTURE_AUTORELEASING = YES;
				CLANG_WARN_BOOL_CONVERSION = YES;
				CLANG_WARN_COMMA = YES;
				CLANG_WARN_CONSTANT_CONVERSION = YES;
				CLANG_WARN_DEPRECATED_OBJC_IMPLEMENTATIONS = YES;
				CLANG_WARN_DIRECT_OBJC_ISA_USAGE = YES_ERROR;
				CLANG_WARN_DOCUMENTATION_COMMENTS = YES;
				CLANG_WARN_EMPTY_BODY = YES;
				CLANG_WARN_ENUM_CONVERSION = YES;
				CLANG_WARN_INFINITE_RECURSION = YES;
				CLANG_WARN_INT_CONVERSION = YES;
				CLANG_WARN_NON_LITERAL_NULL_CONVERSION = YES;
				CLANG_WARN_OBJC_IMPLICIT_RETAIN_SELF = YES;
				CLANG_WARN_OBJC_LITERAL_CONVERSION = YES;
				CLANG_WARN_OBJC_ROOT_CLASS = YES_ERROR;
				CLANG_WARN_QUOTED_INCLUDE_IN_FRAMEWORK_HEADER = YES;
				CLANG_WARN_RANGE_LOOP_ANALYSIS = YES;
				CLANG_WARN_STRICT_PROTOTYPES = YES;
				CLANG_WARN_SUSPICIOUS_MOVE = YES;
				CLANG_WARN_UNGUARDED_AVAILABILITY = YES_AGGRESSIVE;
				CLANG_WARN_UNREACHABLE_CODE = YES;
				CLANG_WARN__DUPLICATE_METHOD_MATCH = YES;
				COPY_PHASE_STRIP = NO;
				DEBUG_INFORMATION_FORMAT = dwarf;
				ENABLE_STRICT_OBJC_MSGSEND = YES;
				ENABLE_TESTABILITY = YES;
				GCC_C_LANGUAGE_STANDARD = gnu11;
				GCC_DYNAMIC_NO_PIC = NO;
				GCC_NO_COMMON_BLOCKS = YES;
				GCC_OPTIMIZATION_LEVEL = 0;
				GCC_PREPROCESSOR_DEFINITIONS = (
					"DEBUG=1",
					"$(inherited)",
				);
				GCC_WARN_64_TO_32_BIT_CONVERSION = YES;
				GCC_WARN_ABOUT_RETURN_TYPE = YES_ERROR;
				GCC_WARN_UNDECLARED_SELECTOR = YES;
				GCC_WARN_UNINITIALIZED_AUTOS = YES_AGGRESSIVE;
				GCC_WARN_UNUSED_FUNCTION = YES;
				GCC_WARN_UNUSED_VARIABLE = YES;
				IPHONEOS_DEPLOYMENT_TARGET = 15.4;
				MTL_ENABLE_DEBUG_INFO = INCLUDE_SOURCE;
				MTL_FAST_MATH = YES;
				ONLY_ACTIVE_ARCH = YES;
				SDKROOT = iphoneos;
				SWIFT_ACTIVE_COMPILATION_CONDITIONS = DEBUG;
				SWIFT_OPTIMIZATION_LEVEL = "-Onone";
			};
			name = Debug;
		};
		89E2FC4F2864E88500175D6F /* Release */ = {
			isa = XCBuildConfiguration;
			buildSettings = {
				ALWAYS_SEARCH_USER_PATHS = NO;
				CLANG_ANALYZER_NONNULL = YES;
				CLANG_ANALYZER_NUMBER_OBJECT_CONVERSION = YES_AGGRESSIVE;
				CLANG_CXX_LANGUAGE_STANDARD = "gnu++17";
				CLANG_ENABLE_MODULES = YES;
				CLANG_ENABLE_OBJC_ARC = YES;
				CLANG_ENABLE_OBJC_WEAK = YES;
				CLANG_WARN_BLOCK_CAPTURE_AUTORELEASING = YES;
				CLANG_WARN_BOOL_CONVERSION = YES;
				CLANG_WARN_COMMA = YES;
				CLANG_WARN_CONSTANT_CONVERSION = YES;
				CLANG_WARN_DEPRECATED_OBJC_IMPLEMENTATIONS = YES;
				CLANG_WARN_DIRECT_OBJC_ISA_USAGE = YES_ERROR;
				CLANG_WARN_DOCUMENTATION_COMMENTS = YES;
				CLANG_WARN_EMPTY_BODY = YES;
				CLANG_WARN_ENUM_CONVERSION = YES;
				CLANG_WARN_INFINITE_RECURSION = YES;
				CLANG_WARN_INT_CONVERSION = YES;
				CLANG_WARN_NON_LITERAL_NULL_CONVERSION = YES;
				CLANG_WARN_OBJC_IMPLICIT_RETAIN_SELF = YES;
				CLANG_WARN_OBJC_LITERAL_CONVERSION = YES;
				CLANG_WARN_OBJC_ROOT_CLASS = YES_ERROR;
				CLANG_WARN_QUOTED_INCLUDE_IN_FRAMEWORK_HEADER = YES;
				CLANG_WARN_RANGE_LOOP_ANALYSIS = YES;
				CLANG_WARN_STRICT_PROTOTYPES = YES;
				CLANG_WARN_SUSPICIOUS_MOVE = YES;
				CLANG_WARN_UNGUARDED_AVAILABILITY = YES_AGGRESSIVE;
				CLANG_WARN_UNREACHABLE_CODE = YES;
				CLANG_WARN__DUPLICATE_METHOD_MATCH = YES;
				COPY_PHASE_STRIP = NO;
				DEBUG_INFORMATION_FORMAT = "dwarf-with-dsym";
				ENABLE_NS_ASSERTIONS = NO;
				ENABLE_STRICT_OBJC_MSGSEND = YES;
				GCC_C_LANGUAGE_STANDARD = gnu11;
				GCC_NO_COMMON_BLOCKS = YES;
				GCC_WARN_64_TO_32_BIT_CONVERSION = YES;
				GCC_WARN_ABOUT_RETURN_TYPE = YES_ERROR;
				GCC_WARN_UNDECLARED_SELECTOR = YES;
				GCC_WARN_UNINITIALIZED_AUTOS = YES_AGGRESSIVE;
				GCC_WARN_UNUSED_FUNCTION = YES;
				GCC_WARN_UNUSED_VARIABLE = YES;
				IPHONEOS_DEPLOYMENT_TARGET = 15.4;
				MTL_ENABLE_DEBUG_INFO = NO;
				MTL_FAST_MATH = YES;
				SDKROOT = iphoneos;
				SWIFT_COMPILATION_MODE = wholemodule;
				SWIFT_OPTIMIZATION_LEVEL = "-O";
				VALIDATE_PRODUCT = YES;
			};
			name = Release;
		};
		89E2FC512864E88500175D6F /* Debug */ = {
			isa = XCBuildConfiguration;
			buildSettings = {
				ASSETCATALOG_COMPILER_APPICON_NAME = AppIcon;
				ASSETCATALOG_COMPILER_GLOBAL_ACCENT_COLOR_NAME = AccentColor;
				CODE_SIGN_STYLE = Automatic;
				CURRENT_PROJECT_VERSION = 1;
				DEVELOPMENT_TEAM = 3FP9A2A7KZ;
				GENERATE_INFOPLIST_FILE = YES;
				INFOPLIST_FILE = StopMosquito/Info.plist;
				INFOPLIST_KEY_UIApplicationSupportsIndirectInputEvents = YES;
				INFOPLIST_KEY_UILaunchStoryboardName = LaunchScreen;
				INFOPLIST_KEY_UISupportedInterfaceOrientations_iPad = "UIInterfaceOrientationPortrait UIInterfaceOrientationPortraitUpsideDown UIInterfaceOrientationLandscapeLeft UIInterfaceOrientationLandscapeRight";
				INFOPLIST_KEY_UISupportedInterfaceOrientations_iPhone = "UIInterfaceOrientationPortrait UIInterfaceOrientationLandscapeLeft UIInterfaceOrientationLandscapeRight";
				LD_RUNPATH_SEARCH_PATHS = (
					"$(inherited)",
					"@executable_path/Frameworks",
				);
				MARKETING_VERSION = 1.0;
				PRODUCT_BUNDLE_IDENTIFIER = "seoyoung-lee.StopMosquito";
				PRODUCT_NAME = "$(TARGET_NAME)";
				SWIFT_EMIT_LOC_STRINGS = YES;
				SWIFT_VERSION = 5.0;
				TARGETED_DEVICE_FAMILY = "1,2";
			};
			name = Debug;
		};
		89E2FC522864E88500175D6F /* Release */ = {
			isa = XCBuildConfiguration;
			buildSettings = {
				ASSETCATALOG_COMPILER_APPICON_NAME = AppIcon;
				ASSETCATALOG_COMPILER_GLOBAL_ACCENT_COLOR_NAME = AccentColor;
				CODE_SIGN_STYLE = Automatic;
				CURRENT_PROJECT_VERSION = 1;
				DEVELOPMENT_TEAM = 3FP9A2A7KZ;
				GENERATE_INFOPLIST_FILE = YES;
				INFOPLIST_FILE = StopMosquito/Info.plist;
				INFOPLIST_KEY_UIApplicationSupportsIndirectInputEvents = YES;
				INFOPLIST_KEY_UILaunchStoryboardName = LaunchScreen;
				INFOPLIST_KEY_UISupportedInterfaceOrientations_iPad = "UIInterfaceOrientationPortrait UIInterfaceOrientationPortraitUpsideDown UIInterfaceOrientationLandscapeLeft UIInterfaceOrientationLandscapeRight";
				INFOPLIST_KEY_UISupportedInterfaceOrientations_iPhone = "UIInterfaceOrientationPortrait UIInterfaceOrientationLandscapeLeft UIInterfaceOrientationLandscapeRight";
				LD_RUNPATH_SEARCH_PATHS = (
					"$(inherited)",
					"@executable_path/Frameworks",
				);
				MARKETING_VERSION = 1.0;
				PRODUCT_BUNDLE_IDENTIFIER = "seoyoung-lee.StopMosquito";
				PRODUCT_NAME = "$(TARGET_NAME)";
				SWIFT_EMIT_LOC_STRINGS = YES;
				SWIFT_VERSION = 5.0;
				TARGETED_DEVICE_FAMILY = "1,2";
			};
			name = Release;
		};
/* End XCBuildConfiguration section */

/* Begin XCConfigurationList section */
		89E2FC372864E88400175D6F /* Build configuration list for PBXProject "StopMosquito" */ = {
			isa = XCConfigurationList;
			buildConfigurations = (
				89E2FC4E2864E88500175D6F /* Debug */,
				89E2FC4F2864E88500175D6F /* Release */,
			);
			defaultConfigurationIsVisible = 0;
			defaultConfigurationName = Release;
		};
		89E2FC502864E88500175D6F /* Build configuration list for PBXNativeTarget "StopMosquito" */ = {
			isa = XCConfigurationList;
			buildConfigurations = (
				89E2FC512864E88500175D6F /* Debug */,
				89E2FC522864E88500175D6F /* Release */,
			);
			defaultConfigurationIsVisible = 0;
			defaultConfigurationName = Release;
		};
/* End XCConfigurationList section */

/* Begin XCRemoteSwiftPackageReference section */
		89A0E398286609800014B2CF /* XCRemoteSwiftPackageReference "Charts" */ = {
			isa = XCRemoteSwiftPackageReference;
			repositoryURL = "https://github.com/danielgindi/Charts.git";
			requirement = {
				kind = upToNextMajorVersion;
				minimumVersion = 3.0.0;
			};
		};
/* End XCRemoteSwiftPackageReference section */

/* Begin XCSwiftPackageProductDependency section */
		89A0E399286609800014B2CF /* Charts */ = {
			isa = XCSwiftPackageProductDependency;
			package = 89A0E398286609800014B2CF /* XCRemoteSwiftPackageReference "Charts" */;
			productName = Charts;
		};
/* End XCSwiftPackageProductDependency section */
	};
	rootObject = 89E2FC342864E88400175D6F /* Project object */;
}
